{
    "_meta": {
        "hash": {
            "sha256": "ed9124afad3ff6d3e75691c60df18d29adc093dca5ff0c42abeac010d9b723bc"
        },
        "pipfile-spec": 6,
        "requires": {
            "python_version": "3.6"
        },
        "sources": [
            {
                "name": "pypi",
                "url": "https://pypi.python.org/simple",
                "verify_ssl": true
            }
        ]
    },
    "default": {
        "absl-py": {
            "hashes": [
                "sha256:d9129186431e150d7fe455f1cb1ecbb92bb5dba9da9bc3ef7b012d98c4db2526"
            ],
            "version": "==0.8.1"
        },
        "future": {
            "hashes": [
                "sha256:67045236dcfd6816dc439556d009594abf643e5eb48992e36beac09c2ca659b8"
            ],
            "index": "pypi",
            "version": "==0.17.1"
        },
        "grpcio": {
            "hashes": [
                "sha256:0419ae5a45f49c7c40d9ae77ae4de9442431b7822851dfbbe56ee0eacb5e5654",
                "sha256:1e8631eeee0fb0b4230aeb135e4890035f6ef9159c2a3555fa184468e325691a",
                "sha256:24db2fa5438f3815a4edb7a189035051760ca6aa2b0b70a6a948b28bfc63c76b",
                "sha256:2adb1cdb7d33e91069517b41249622710a94a1faece1fed31cd36904e4201cde",
                "sha256:2cd51f35692b551aeb1fdeb7a256c7c558f6d78fcddff00640942d42f7aeba5f",
                "sha256:3247834d24964589f8c2b121b40cd61319b3c2e8d744a6a82008643ef8a378b1",
                "sha256:3433cb848b4209717722b62392e575a77a52a34d67c6730138102abc0a441685",
                "sha256:39671b7ff77a962bd745746d9d2292c8ed227c5748f16598d16d8631d17dd7e5",
                "sha256:40a0b8b2e6f6dd630f8b267eede2f40a848963d0f3c40b1b1f453a4a870f679e",
                "sha256:40f9a74c7aa210b3e76eb1c9d56aa8d08722b73426a77626967019df9bbac287",
                "sha256:423f76aa504c84cb94594fb88b8a24027c887f1c488cf58f2173f22f4fbd046c",
                "sha256:43bd04cec72281a96eb361e1b0232f0f542b46da50bcfe72ef7e5a1b41d00cb3",
                "sha256:43e38762635c09e24885d15e3a8e374b72d105d4178ee2cc9491855a8da9c380",
                "sha256:4413b11c2385180d7de03add6c8845dd66692b148d36e27ec8c9ef537b2553a1",
                "sha256:4450352a87094fd58daf468b04c65a9fa19ad11a0ac8ac7b7ff17d46f873cbc1",
                "sha256:49ffda04a6e44de028b3b786278ac9a70043e7905c3eea29eed88b6524d53a29",
                "sha256:4a38c4dde4c9120deef43aaabaa44f19186c98659ce554c29788c4071ab2f0a4",
                "sha256:50b1febdfd21e2144b56a9aa226829e93a79c354ef22a4e5b013d9965e1ec0ed",
                "sha256:559b1a3a8be7395ded2943ea6c2135d096f8cc7039d6d12127110b6496f251fe",
                "sha256:5de86c182667ec68cf84019aa0d8ceccf01d352cdca19bf9e373725204bdbf50",
                "sha256:5fc069bb481fe3fad0ba24d3baaf69e22dfa6cc1b63290e6dfeaf4ac1e996fb7",
                "sha256:6a19d654da49516296515d6f65de4bbcbd734bc57913b21a610cfc45e6df3ff1",
                "sha256:7535b3e52f498270e7877dde1c8944d6b7720e93e2e66b89c82a11447b5818f5",
                "sha256:7c4e495bcabc308198b8962e60ca12f53b27eb8f03a21ac1d2d711d6dd9ecfca",
                "sha256:8a8fc4a0220367cb8370cedac02272d574079ccc32bffbb34d53aaf9e38b5060",
                "sha256:8b008515e067232838daca020d1af628bf6520c8cc338bf383284efe6d8bd083",
                "sha256:8d1684258e1385e459418f3429e107eec5fb3d75e1f5a8c52e5946b3f329d6ea",
                "sha256:8eb5d54b87fb561dc2e00a5c5226c33ffe8dbc13f2e4033a412bafb7b37b194d",
                "sha256:94cdef0c61bd014bb7af495e21a1c3a369dd0399c3cd1965b1502043f5c88d94",
                "sha256:9d9f3be69c7a5e84c3549a8c4403fa9ac7672da456863d21e390b2bbf45ccad1",
                "sha256:9fb6fb5975a448169756da2d124a1beb38c0924ff6c0306d883b6848a9980f38",
                "sha256:a5eaae8700b87144d7dfb475aa4675e500ff707292caba3deff41609ddc5b845",
                "sha256:aaeac2d552772b76d24eaff67a5d2325bc5205c74c0d4f9fbe71685d4a971db2",
                "sha256:bb611e447559b3b5665e12a7da5160c0de6876097f62bf1d23ba66911564868e",
                "sha256:bc0d41f4eb07da8b8d3ea85e50b62f6491ab313834db86ae2345be07536a4e5a",
                "sha256:bf51051c129b847d1bb63a9b0826346b5f52fb821b15fe5e0d5ef86f268510f5",
                "sha256:c948c034d8997526011960db54f512756fb0b4be1b81140a15b4ef094c6594a4",
                "sha256:d435a01334157c3b126b4ee5141401d44bdc8440993b18b05e2f267a6647f92d",
                "sha256:d46c1f95672b73288e08cdca181e14e84c6229b5879561b7b8cfd48374e09287",
                "sha256:d5d58309b42064228b16b0311ff715d6c6e20230e81b35e8d0c8cfa1bbdecad8",
                "sha256:dc6e2e91365a1dd6314d615d80291159c7981928b88a4c65654e3fefac83a836",
                "sha256:e0dfb5f7a39029a6cbec23affa923b22a2c02207960fd66f109e01d6f632c1eb",
                "sha256:eb4bf58d381b1373bd21d50837a53953d625d1693f1b58fed12743c75d3dd321",
                "sha256:ebb211a85248dbc396b29320273c1ffde484b898852432613e8df0164c091006",
                "sha256:ec759ece4786ae993a5b7dc3b3dead6e9375d89a6c65dfd6860076d2eb2abe7b",
                "sha256:f55108397a8fa164268238c3e69cc134e945d1f693572a2f05a028b8d0d2b837",
                "sha256:f6c706866d424ff285b85a02de7bbe5ed0ace227766b2c42cbe12f3d9ea5a8aa",
                "sha256:f8370ad332b36fbad117440faf0dd4b910e80b9c49db5648afd337abdde9a1b6"
            ],
            "version": "==1.25.0"
        },
        "lxml": {
            "hashes": [
                "sha256:0cf1eca0652c4409e0655e04b840d6d85b7eb18718f5fba3862acad5500e3480",
                "sha256:10624ef1b468252309f269b13af4f837e3a82be366b5f3e49b0e83f1ad66205f",
                "sha256:1259e374da3a575615fe402e0966c5894bae3d2e229c2239ba4ebf2bb020c4b6",
                "sha256:26bb748af1ead0097eb8272b8a06f15a0015b8f312eef772a95f223a16e7de56",
                "sha256:27d0b13bcfcf2f6a5664e64fc3d684c76db1cdba5a5761795d154063559e0b59",
                "sha256:2b013fdabcbc21bc2770437099b921ec290235752b5baaac7a601f75094a378d",
                "sha256:2e469ea2c0b722b9b393187649e7d126c537a68512fc92a676fe86e57050c2a9",
                "sha256:37f7c2cdf513a0ea239c1609681880fb2f0073de0d2996e0ae9a7f0ef15d8b95",
                "sha256:68c6afc7a4411db2df28307e2493c945cb3d887e8f431b81811c1ea6ba087b8b",
                "sha256:73fe3452fc02c0b418914f842f897bdad0f1184368d8d9c315294ff7b94946f2",
                "sha256:7584d83d7315f641510e5f97f4d636ea225fd76e3f8aee965b2e8c93a8169b4d",
                "sha256:76e3ec6b26b1198dd5e6e20539d8360dcd3b224cd80cadba9307b790fda79161",
                "sha256:8288a889cbaa446e5fa168837456e63098b91953c89e5857968a5091b337cdca",
                "sha256:ad9e1fee284dec97b74cd88e925eca1575145598c974243cfb5e859f406adc32",
                "sha256:b360c3769cf0fd7d82577e40e37d4caf693f67744d0d61d11d66b5c31eaccf7a",
                "sha256:c4aaf320284a2713428163bae0e7df0db3b489237ab4830179210a12d56d3068",
                "sha256:c530274e43b0f376cd94e8e0a3e6ea28de1739ec4326689bdbf626e172d2e614",
                "sha256:ca4e79294fd0f3f9e0e5a4c309df84b5f2abc62349bfaf2aaf8965e5108ef8e2",
                "sha256:ce2dc5a104e885abbd48d0cc92ae74afa1d685ee65d6e3497067207d6a26e177",
                "sha256:d295cac30d3e13e82473081ea7df2a11352b5625cb54187fcd5a8be5d9ebf315",
                "sha256:d498338b39c4757ba88bdc705b3a0647d18554856cd2d394ac3bb919ac890c9d",
                "sha256:d537f8e613074805e17039e345edaa822534f66f07d315c89cff9824aa996d65",
                "sha256:df8ba3f52ef59a553b0e94593ea526c34faa4f531c1ab7f5ca7f392bc770c9e3",
                "sha256:e2553800d2d461a2dc329682d0a9068f238ec11d763e5454c61c4df7a0346ed2",
                "sha256:e2afbe403090f5893e254958d02875e0732975e73c4c0cdd33c1f009a61963ca",
                "sha256:e740efa625883f3c4de20c7e1411228d7ce2ab47b9e874a703f6681ec0558a30",
                "sha256:ec7864b62da0f5ae44973351247f2250a25b9b544fc6aff8bd6a75da1156cc70",
                "sha256:f26ddab491b10279b7e8e3fdcbaaaba3ab282fbaecfa48a19874dfc4d53b9d4f",
                "sha256:f6a16681f30918521066ddcc4ba79c1e033c9837dd94f78f5a9f6110e7572185",
                "sha256:f968623ac9b81a6253d4bbbe3f4d1e6be5f33707f397b566935783511bfa281a"
            ],
            "index": "pypi",
            "version": "==4.2.4"
        },
        "markdown": {
            "hashes": [
                "sha256:2e50876bcdd74517e7b71f3e7a76102050edec255b3983403f1a63e7c8a41e7a",
                "sha256:56a46ac655704b91e5b7e6326ce43d5ef72411376588afa1dd90e881b83c7e8c"
            ],
            "version": "==3.1.1"
        },
        "numpy": {
            "hashes": [
                "sha256:0a7a1dd123aecc9f0076934288ceed7fd9a81ba3919f11a855a7887cbe82a02f",
                "sha256:0c0763787133dfeec19904c22c7e358b231c87ba3206b211652f8cbe1241deb6",
                "sha256:3d52298d0be333583739f1aec9026f3b09fdfe3ddf7c7028cb16d9d2af1cca7e",
                "sha256:43bb4b70585f1c2d153e45323a886839f98af8bfa810f7014b20be714c37c447",
                "sha256:475963c5b9e116c38ad7347e154e5651d05a2286d86455671f5b1eebba5feb76",
                "sha256:64874913367f18eb3013b16123c9fed113962e75d809fca5b78ebfbb73ed93ba",
                "sha256:683828e50c339fc9e68720396f2de14253992c495fdddef77a1e17de55f1decc",
                "sha256:6ca4000c4a6f95a78c33c7dadbb9495c10880be9c89316aa536eac359ab820ae",
                "sha256:75fd817b7061f6378e4659dd792c84c0b60533e867f83e0d1e52d5d8e53df88c",
                "sha256:7d81d784bdbed30137aca242ab307f3e65c8d93f4c7b7d8f322110b2e90177f9",
                "sha256:8d0af8d3664f142414fd5b15cabfd3b6cc3ef242a3c7a7493257025be5a6955f",
                "sha256:9679831005fb16c6df3dd35d17aa31dc0d4d7573d84f0b44cc481490a65c7725",
                "sha256:a8f67ebfae9f575d85fa859b54d3bdecaeece74e3274b0b5c5f804d7ca789fe1",
                "sha256:acbf5c52db4adb366c064d0b7c7899e3e778d89db585feadd23b06b587d64761",
                "sha256:ada4805ed51f5bcaa3a06d3dd94939351869c095e30a2b54264f5a5004b52170",
                "sha256:c7354e8f0eca5c110b7e978034cd86ed98a7a5ffcf69ca97535445a595e07b8e",
                "sha256:e2e9d8c87120ba2c591f60e32736b82b67f72c37ba88a4c23c81b5b8fa49c018",
                "sha256:e467c57121fe1b78a8f68dd9255fbb3bb3f4f7547c6b9e109f31d14569f490c3",
                "sha256:ede47b98de79565fcd7f2decb475e2dcc85ee4097743e551fe26cfc7eb3ff143",
                "sha256:f58913e9227400f1395c7b800503ebfdb0772f1c33ff8cb4d6451c06cabdf316",
                "sha256:fe39f5fd4103ec4ca3cb8600b19216cd1ff316b4990f4c0b6057ad982c0a34d5"
            ],
            "version": "==1.17.4"
        },
        "pillow": {
            "hashes": [
                "sha256:047d9473cf68af50ac85f8ee5d5f21a60f849bc17d348da7fc85711287a75031",
                "sha256:0f66dc6c8a3cc319561a633b6aa82c44107f12594643efa37210d8c924fc1c71",
                "sha256:12c9169c4e8fe0a7329e8658c7e488001f6b4c8e88740e76292c2b857af2e94c",
                "sha256:248cffc168896982f125f5c13e9317c059f74fffdb4152893339f3be62a01340",
                "sha256:27faf0552bf8c260a5cee21a76e031acaea68babb64daf7e8f2e2540745082aa",
                "sha256:285edafad9bc60d96978ed24d77cdc0b91dace88e5da8c548ba5937c425bca8b",
                "sha256:384b12c9aa8ef95558abdcb50aada56d74bc7cc131dd62d28c2d0e4d3aadd573",
                "sha256:38950b3a707f6cef09cd3cbb142474357ad1a985ceb44d921bdf7b4647b3e13e",
                "sha256:4aad1b88933fd6dc2846552b89ad0c74ddbba2f0884e2c162aa368374bf5abab",
                "sha256:4ac6148008c169603070c092e81f88738f1a0c511e07bd2bb0f9ef542d375da9",
                "sha256:4deb1d2a45861ae6f0b12ea0a786a03d19d29edcc7e05775b85ec2877cb54c5e",
                "sha256:59aa2c124df72cc75ed72c8d6005c442d4685691a30c55321e00ed915ad1a291",
                "sha256:5a47d2123a9ec86660fe0e8d0ebf0aa6bc6a17edc63f338b73ea20ba11713f12",
                "sha256:5cc901c2ab9409b4b7ac7b5bcc3e86ac14548627062463da0af3b6b7c555a871",
                "sha256:6c1db03e8dff7b9f955a0fb9907eb9ca5da75b5ce056c0c93d33100a35050281",
                "sha256:7ce80c0a65a6ea90ef9c1f63c8593fcd2929448613fc8da0adf3e6bfad669d08",
                "sha256:809c19241c14433c5d6135e1b6c72da4e3b56d5c865ad5736ab99af8896b8f41",
                "sha256:83792cb4e0b5af480588601467c0764242b9a483caea71ef12d22a0d0d6bdce2",
                "sha256:846fa202bd7ee0f6215c897a1d33238ef071b50766339186687bd9b7a6d26ac5",
                "sha256:9f5529fc02009f96ba95bea48870173426879dc19eec49ca8e08cd63ecd82ddb",
                "sha256:a423c2ea001c6265ed28700df056f75e26215fd28c001e93ef4380b0f05f9547",
                "sha256:ac4428094b42907aba5879c7c000d01c8278d451a3b7cccd2103e21f6397ea75",
                "sha256:b1ae48d87f10d1384e5beecd169c77502fcc04a2c00a4c02b85f0a94b419e5f9",
                "sha256:bf4e972a88f8841d8fdc6db1a75e0f8d763e66e3754b03006cbc3854d89f1cb1",
                "sha256:c6414f6aad598364aaf81068cabb077894eb88fed99c6a65e6e8217bab62ae7a",
                "sha256:c710fcb7ee32f67baf25aa9ffede4795fd5d93b163ce95fdc724383e38c9df96",
                "sha256:c7be4b8a09852291c3c48d3c25d1b876d2494a0a674980089ac9d5e0d78bd132",
                "sha256:c9e5ffb910b14f090ac9c38599063e354887a5f6d7e6d26795e916b4514f2c1a",
                "sha256:e0697b826da6c2472bb6488db4c0a7fa8af0d52fa08833ceb3681358914b14e5",
                "sha256:e9a3edd5f714229d41057d56ac0f39ad9bdba6767e8c888c951869f0bdd129b0"
            ],
            "version": "==6.2.1"
        },
        "protobuf": {
            "hashes": [
                "sha256:125713564d8cfed7610e52444c9769b8dcb0b55e25cc7841f2290ee7bc86636f",
                "sha256:1accdb7a47e51503be64d9a57543964ba674edac103215576399d2d0e34eac77",
                "sha256:27003d12d4f68e3cbea9eb67427cab3bfddd47ff90670cb367fcd7a3a89b9657",
                "sha256:3264f3c431a631b0b31e9db2ae8c927b79fc1a7b1b06b31e8e5bcf2af91fe896",
                "sha256:3c5ab0f5c71ca5af27143e60613729e3488bb45f6d3f143dc918a20af8bab0bf",
                "sha256:45dcf8758873e3f69feab075e5f3177270739f146255225474ee0b90429adef6",
                "sha256:56a77d61a91186cc5676d8e11b36a5feb513873e4ae88d2ee5cf530d52bbcd3b",
                "sha256:5984e4947bbcef5bd849d6244aec507d31786f2dd3344139adc1489fb403b300",
                "sha256:6b0441da73796dd00821763bb4119674eaf252776beb50ae3883bed179a60b2a",
                "sha256:6f6677c5ade94d4fe75a912926d6796d5c71a2a90c2aeefe0d6f211d75c74789",
                "sha256:84a825a9418d7196e2acc48f8746cf1ee75877ed2f30433ab92a133f3eaf8fbe",
                "sha256:b842c34fe043ccf78b4a6cf1019d7b80113707d68c88842d061fa2b8fb6ddedc",
                "sha256:ca33d2f09dae149a1dcf942d2d825ebb06343b77b437198c9e2ef115cf5d5bc1",
                "sha256:cc9af00df3fc9302f537a8335668c20be27916b2277e9a5eaed510266e2bb33b",
                "sha256:db83b5c12c0cd30150bb568e6feb2435c49ce4e68fe2d7b903113f0e221e58fe",
                "sha256:f50f3b1c5c1c1334ca7ce9cad5992f098f460ffd6388a3cabad10b66c2006b09",
                "sha256:f99f127909731cafb841c52f9216e447d3e4afb99b17bebfad327a75aee206de"
            ],
            "version": "==3.10.0"
        },
        "pyqt5": {
            "hashes": [
                "sha256:1e652910bd1ffd23a3a48c510ecad23a57a853ed26b782cd54b16658e6f271ac",
                "sha256:4db7113f464c733a99fcb66c4c093a47cf7204ad3f8b3bda502efcc0839ac14b",
                "sha256:9c17ab3974c1fc7bbb04cc1c9dae780522c0ebc158613f3025fccae82227b5f7",
                "sha256:f6035baa009acf45e5f460cf88f73580ad5dc0e72330029acd99e477f20a5d61"
            ],
            "index": "pypi",
            "version": "==5.10.1"
        },
        "sip": {
            "hashes": [
                "sha256:09f9a4e6c28afd0bafedb26ffba43375b97fe7207bd1a0d3513f79b7d168b331",
                "sha256:105edaaa1c8aa486662226360bd3999b4b89dd56de3e314d82b83ed0587d8783",
                "sha256:1bb10aac55bd5ab0e2ee74b3047aa2016cfa7932077c73f602a6f6541af8cd51",
                "sha256:265ddf69235dd70571b7d4da20849303b436192e875ce7226be7144ca702a45c",
                "sha256:52074f7cb5488e8b75b52f34ec2230bc75d22986c7fe5cd3f2d266c23f3349a7",
                "sha256:5ff887a33839de8fc77d7f69aed0259b67a384dc91a1dc7588e328b0b980bde2",
                "sha256:74da4ddd20c5b35c19cda753ce1e8e1f71616931391caeac2de7a1715945c679",
                "sha256:7d69e9cf4f8253a3c0dfc5ba6bb9ac8087b8239851f22998e98cb35cfe497b68",
                "sha256:97bb93ee0ef01ba90f57be2b606e08002660affd5bc380776dd8b0fcaa9e093a",
                "sha256:cf98150a99e43fda7ae22abe655b6f202e491d6291486548daa56cb15a2fcf85",
                "sha256:d9023422127b94d11c1a84bfa94933e959c484f2c79553c1ef23c69fe00d25f8",
                "sha256:e72955e12f4fccf27aa421be383453d697b8a44bde2cc26b08d876fd492d0174"
            ],
            "version": "==4.19.8"
        },
        "six": {
            "hashes": [
                "sha256:1f1b7d42e254082a9db6279deae68afb421ceba6158efa6131de7b3003ee93fd",
                "sha256:30f610279e8b2578cab6db20741130331735c781b56053c59c4076da27f06b66"
            ],
            "version": "==1.13.0"
        },
        "tb-nightly": {
            "hashes": [
                "sha256:cd1ade8461ecf9d618aa2d214ba7b5fdc1e0ffaec2df8edf81cf998f1daa72bc",
                "sha256:e2eae06d44ded597304c2c03ea54a1859e40a3f2f6f2b2d70644bffe3abce814"
            ],
            "index": "pypi",
            "version": "==1.15.0a20190731"
        },
        "torch": {
            "hashes": [
                "sha256:0698d0a48014b9b8f36d93e69901eca2e7ec712cd2033908f7a77e7d86a4f0d7",
                "sha256:2ac8e58b069232f079bd289aa160366a9367ae1a4616a2c1007dceed19ff9bfa",
                "sha256:43a0e28c448ddeea65fb9e956bc743389592afac824095bdbc08e8a87364c639",
                "sha256:661ad06b4616663149bd504e8c0271196d0386712e21a92619d95ba88138794a",
                "sha256:880a0c22692eaebbce808a5bf2255ab7d345ab43c40795be0a421c6250ba0fb4",
                "sha256:a13bf6f78a49d844b85c142b8cd62d2e1833a11ed21ea0bc6b1ac73d24c76415",
                "sha256:a8c21f82fd03b67927078ea917040478c3263753fe1906fc19d0f5f0c7d9aa10",
                "sha256:b87fd224a7de3bc01ce87eb947698797b4514e27115b0aa60a56991515dd9dd6",
                "sha256:f63d489c54b4f170ce8335727bbb196ceb9acd0e7805477bbef8fabc914bc0f9"
            ],
            "version": "==1.2.0"
        },
        "torchvision": {
            "hashes": [
                "sha256:3a8e9403252fefdf6e8f9993ae111d28eb4ad1e73f696f03de485d7f77d88067",
                "sha256:6fff5a31d50de3a59dcceda2a48de9df33a5f43357dc3e0da0ffbb97699aec52",
                "sha256:740b3718470aa4ec0b389df876eb25117df1952dd2e8105b7828a02aa5bce73b",
                "sha256:8114c33b736ee430496eef4fe03b25be8b939b2abd2a968558737bb9aed1928b",
                "sha256:904ef213594672f2ed7fafa3ab010cbf2a4704a951a7bf221cf36b3d2e3acd62",
                "sha256:afff8e987564192bc7f139d8b089541d4471ad6fc99e977e8bc8dbb4e0873041",
                "sha256:d7939f2ca401de3067a30b6f4dcef63d13d24a4cd1ddc2d3a9af3413ce658d03",
                "sha256:d8c2402704ce8ef8e87e4922160388c7ca010ef27700082014d6bd694cf1cc51",
                "sha256:e00de7571d83f968f5aea7a59e84e3262669acef0a077ce4bd705eca2df68167"
            ],
            "index": "pypi",
            "version": "==0.4.0"
        },
        "werkzeug": {
            "hashes": [
                "sha256:7280924747b5733b246fe23972186c6b348f9ae29724135a6dfc1e53cea433e7",
                "sha256:e5f4a1f98b52b18a93da705a7458e55afb26f32bff83ff5d19189f92462d65c4"
            ],
            "version": "==0.16.0"
        },
        "wheel": {
            "hashes": [
                "sha256:10c9da68765315ed98850f8e048347c3eb06dd81822dc2ab1d4fde9dc9702646",
                "sha256:f4da1763d3becf2e2cd92a14a7c920f0f00eca30fdde9ea992c836685b9faf28"
            ],
            "markers": "python_version >= '3'",
            "version": "==0.33.6"
        }
    },
    "develop": {}
}
